
Microsoft Visual Studio Solution File, Format Version 12.00
# Visual Studio Version 17
VisualStudioVersion = 17.8.34525.116
MinimumVisualStudioVersion = 10.0.40219.1
Project("{FAE04EC0-301F-11D3-BF4B-00C04F79EFBC}") = "CryptographyMauiApp", "CryptographyMauiApp\CryptographyMauiApp.csproj", "{A8E13A3D-E010-427F-8416-4F8DC0434663}"
EndProject
Global
	GlobalSection(SolutionConfigurationPlatforms) = preSolution
		Debug|Any CPU = Debug|Any CPU
		Release|Any CPU = Release|Any CPU
	EndGlobalSection
	GlobalSection(ProjectConfigurationPlatforms) = postSolution
		{A8E13A3D-E010-427F-8416-4F8DC0434663}.Debug|Any CPU.ActiveCfg = Debug|Any CPU
		{A8E13A3D-E010-427F-8416-4F8DC0434663}.Debug|Any CPU.Build.0 = Debug|Any CPU
		{A8E13A3D-E010-427F-8416-4F8DC0434663}.Debug|Any CPU.Deploy.0 = Debug|Any CPU
		{A8E13A3D-E010-427F-8416-4F8DC0434663}.Release|Any CPU.ActiveCfg = Release|Any CPU
		{A8E13A3D-E010-427F-8416-4F8DC0434663}.Release|Any CPU.Build.0 = Release|Any CPU
		{A8E13A3D-E010-427F-8416-4F8DC0434663}.Release|Any CPU.Deploy.0 = Release|Any CPU
	EndGlobalSection
	GlobalSection(SolutionProperties) = preSolution
		HideSolutionNode = FALSE
	EndGlobalSection
	GlobalSection(ExtensibilityGlobals) = postSolution
		SolutionGuid = {1E426E5F-31D2-4B6B-A3A5-8956C7D98920}
	EndGlobalSection
EndGlobal
